
Microsoft Visual Studio Solution File, Format Version 12.00
# Visual Studio Version 17
VisualStudioVersion = 17.4.33205.214
MinimumVisualStudioVersion = 10.0.40219.1
Project("{9A19103F-16F7-4668-BE54-9A1E7A4F7556}") = "SistemaInventariosV6", "SistemaInventariosV6\SistemaInventariosV6.csproj", "{EADA3C39-2024-4695-8BCA-5D26C822EB5D}"
EndProject
Project("{FAE04EC0-301F-11D3-BF4B-00C04F79EFBC}") = "SistemaInventario.AccesoDatos", "SistemaInventario.AccesoDatos\SistemaInventario.AccesoDatos.csproj", "{454405D2-E75B-4BC0-8962-05D9F0AC0EA2}"
EndProject
Project("{FAE04EC0-301F-11D3-BF4B-00C04F79EFBC}") = "SistemaInventario.Modelos", "SistemaInventario.Modelos\SistemaInventario.Modelos.csproj", "{F5AA2EC7-2B80-4B47-B6B4-8691CEBB2FC4}"
EndProject
Project("{FAE04EC0-301F-11D3-BF4B-00C04F79EFBC}") = "SistemaInventario.Utilidades", "SistemaInventario.Utilidades\SistemaInventario.Utilidades.csproj", "{2BD9E311-69BA-4B0D-AC69-3D7F7F1719A6}"
EndProject
Global
	GlobalSection(SolutionConfigurationPlatforms) = preSolution
		Debug|Any CPU = Debug|Any CPU
		Release|Any CPU = Release|Any CPU
	EndGlobalSection
	GlobalSection(ProjectConfigurationPlatforms) = postSolution
		{EADA3C39-2024-4695-8BCA-5D26C822EB5D}.Debug|Any CPU.ActiveCfg = Debug|Any CPU
		{EADA3C39-2024-4695-8BCA-5D26C822EB5D}.Debug|Any CPU.Build.0 = Debug|Any CPU
		{EADA3C39-2024-4695-8BCA-5D26C822EB5D}.Release|Any CPU.ActiveCfg = Release|Any CPU
		{EADA3C39-2024-4695-8BCA-5D26C822EB5D}.Release|Any CPU.Build.0 = Release|Any CPU
		{454405D2-E75B-4BC0-8962-05D9F0AC0EA2}.Debug|Any CPU.ActiveCfg = Debug|Any CPU
		{454405D2-E75B-4BC0-8962-05D9F0AC0EA2}.Debug|Any CPU.Build.0 = Debug|Any CPU
		{454405D2-E75B-4BC0-8962-05D9F0AC0EA2}.Release|Any CPU.ActiveCfg = Release|Any CPU
		{454405D2-E75B-4BC0-8962-05D9F0AC0EA2}.Release|Any CPU.Build.0 = Release|Any CPU
		{F5AA2EC7-2B80-4B47-B6B4-8691CEBB2FC4}.Debug|Any CPU.ActiveCfg = Debug|Any CPU
		{F5AA2EC7-2B80-4B47-B6B4-8691CEBB2FC4}.Debug|Any CPU.Build.0 = Debug|Any CPU
		{F5AA2EC7-2B80-4B47-B6B4-8691CEBB2FC4}.Release|Any CPU.ActiveCfg = Release|Any CPU
		{F5AA2EC7-2B80-4B47-B6B4-8691CEBB2FC4}.Release|Any CPU.Build.0 = Release|Any CPU
		{2BD9E311-69BA-4B0D-AC69-3D7F7F1719A6}.Debug|Any CPU.ActiveCfg = Debug|Any CPU
		{2BD9E311-69BA-4B0D-AC69-3D7F7F1719A6}.Debug|Any CPU.Build.0 = Debug|Any CPU
		{2BD9E311-69BA-4B0D-AC69-3D7F7F1719A6}.Release|Any CPU.ActiveCfg = Release|Any CPU
		{2BD9E311-69BA-4B0D-AC69-3D7F7F1719A6}.Release|Any CPU.Build.0 = Release|Any CPU
	EndGlobalSection
	GlobalSection(SolutionProperties) = preSolution
		HideSolutionNode = FALSE
	EndGlobalSection
	GlobalSection(ExtensibilityGlobals) = postSolution
		SolutionGuid = {BC9E3623-0777-4561-8009-BADB3D54583E}
	EndGlobalSection
EndGlobal
